
Microsoft Visual Studio Solution File, Format Version 12.00
# Visual Studio Version 16
VisualStudioVersion = 16.0.29215.179
MinimumVisualStudioVersion = 10.0.40219.1
Project("{9A19103F-16F7-4668-BE54-9A1E7A4F7556}") = "TryCatch", "TryCatch\TryCatch.csproj", "{C52B481E-CA9F-4BDE-B20C-E622575EB66A}"
EndProject
Project("{9A19103F-16F7-4668-BE54-9A1E7A4F7556}") = "Cycles", "Cycles\Cycles.csproj", "{F115C656-787F-4C6D-86CB-15B99A07F2C3}"
EndProject
Project("{9A19103F-16F7-4668-BE54-9A1E7A4F7556}") = "ToLowerVsToUpper", "ToLowerVsToUpper\ToLowerVsToUpper.csproj", "{B4CA30E6-589A-45D5-BC8B-D6AEBD5E0657}"
EndProject
Project("{9A19103F-16F7-4668-BE54-9A1E7A4F7556}") = "ToCollectionMaterialize", "ToCollectionMaterialize\ToCollectionMaterialize.csproj", "{1FE2DC9E-7E55-473B-AC33-F6D1DDF68329}"
EndProject
Global
	GlobalSection(SolutionConfigurationPlatforms) = preSolution
		Debug|Any CPU = Debug|Any CPU
		Debug|x64 = Debug|x64
		Release|Any CPU = Release|Any CPU
		Release|x64 = Release|x64
	EndGlobalSection
	GlobalSection(ProjectConfigurationPlatforms) = postSolution
		{C52B481E-CA9F-4BDE-B20C-E622575EB66A}.Debug|Any CPU.ActiveCfg = Debug|Any CPU
		{C52B481E-CA9F-4BDE-B20C-E622575EB66A}.Debug|Any CPU.Build.0 = Debug|Any CPU
		{C52B481E-CA9F-4BDE-B20C-E622575EB66A}.Debug|x64.ActiveCfg = Debug|Any CPU
		{C52B481E-CA9F-4BDE-B20C-E622575EB66A}.Debug|x64.Build.0 = Debug|Any CPU
		{C52B481E-CA9F-4BDE-B20C-E622575EB66A}.Release|Any CPU.ActiveCfg = Release|Any CPU
		{C52B481E-CA9F-4BDE-B20C-E622575EB66A}.Release|Any CPU.Build.0 = Release|Any CPU
		{C52B481E-CA9F-4BDE-B20C-E622575EB66A}.Release|x64.ActiveCfg = Release|Any CPU
		{C52B481E-CA9F-4BDE-B20C-E622575EB66A}.Release|x64.Build.0 = Release|Any CPU
		{F115C656-787F-4C6D-86CB-15B99A07F2C3}.Debug|Any CPU.ActiveCfg = Debug|Any CPU
		{F115C656-787F-4C6D-86CB-15B99A07F2C3}.Debug|Any CPU.Build.0 = Debug|Any CPU
		{F115C656-787F-4C6D-86CB-15B99A07F2C3}.Debug|x64.ActiveCfg = Debug|Any CPU
		{F115C656-787F-4C6D-86CB-15B99A07F2C3}.Debug|x64.Build.0 = Debug|Any CPU
		{F115C656-787F-4C6D-86CB-15B99A07F2C3}.Release|Any CPU.ActiveCfg = Release|Any CPU
		{F115C656-787F-4C6D-86CB-15B99A07F2C3}.Release|Any CPU.Build.0 = Release|Any CPU
		{F115C656-787F-4C6D-86CB-15B99A07F2C3}.Release|x64.ActiveCfg = Release|Any CPU
		{F115C656-787F-4C6D-86CB-15B99A07F2C3}.Release|x64.Build.0 = Release|Any CPU
		{B4CA30E6-589A-45D5-BC8B-D6AEBD5E0657}.Debug|Any CPU.ActiveCfg = Debug|Any CPU
		{B4CA30E6-589A-45D5-BC8B-D6AEBD5E0657}.Debug|Any CPU.Build.0 = Debug|Any CPU
		{B4CA30E6-589A-45D5-BC8B-D6AEBD5E0657}.Debug|x64.ActiveCfg = Debug|Any CPU
		{B4CA30E6-589A-45D5-BC8B-D6AEBD5E0657}.Debug|x64.Build.0 = Debug|Any CPU
		{B4CA30E6-589A-45D5-BC8B-D6AEBD5E0657}.Release|Any CPU.ActiveCfg = Release|Any CPU
		{B4CA30E6-589A-45D5-BC8B-D6AEBD5E0657}.Release|Any CPU.Build.0 = Release|Any CPU
		{B4CA30E6-589A-45D5-BC8B-D6AEBD5E0657}.Release|x64.ActiveCfg = Release|Any CPU
		{B4CA30E6-589A-45D5-BC8B-D6AEBD5E0657}.Release|x64.Build.0 = Release|Any CPU
		{1FE2DC9E-7E55-473B-AC33-F6D1DDF68329}.Debug|Any CPU.ActiveCfg = Debug|Any CPU
		{1FE2DC9E-7E55-473B-AC33-F6D1DDF68329}.Debug|Any CPU.Build.0 = Debug|Any CPU
		{1FE2DC9E-7E55-473B-AC33-F6D1DDF68329}.Debug|x64.ActiveCfg = Debug|Any CPU
		{1FE2DC9E-7E55-473B-AC33-F6D1DDF68329}.Debug|x64.Build.0 = Debug|Any CPU
		{1FE2DC9E-7E55-473B-AC33-F6D1DDF68329}.Release|Any CPU.ActiveCfg = Release|Any CPU
		{1FE2DC9E-7E55-473B-AC33-F6D1DDF68329}.Release|Any CPU.Build.0 = Release|Any CPU
		{1FE2DC9E-7E55-473B-AC33-F6D1DDF68329}.Release|x64.ActiveCfg = Release|Any CPU
		{1FE2DC9E-7E55-473B-AC33-F6D1DDF68329}.Release|x64.Build.0 = Release|Any CPU
	EndGlobalSection
	GlobalSection(SolutionProperties) = preSolution
		HideSolutionNode = FALSE
	EndGlobalSection
	GlobalSection(ExtensibilityGlobals) = postSolution
		SolutionGuid = {08D72AA9-CA06-4580-A80C-6785B0EA8624}
	EndGlobalSection
EndGlobal
